{
  "requires": true,
  "lockfileVersion": 1,
  "dependencies": {
    "@srexi/purecounterjs": {
      "version": "1.2.1",
      "resolved": "https://registry.npmjs.org/@srexi/purecounterjs/-/purecounterjs-1.2.1.tgz",
      "integrity": "sha512-desJ/czQyYWsKB8bVbMZpxF9aWS80GD7NgFDAnOEN0+FjKzFcjgXR8+oewlWksA/GG2MGza42eGoZnhSH9Er/A=="
    },
    "typed.js": {
      "version": "2.0.12",
      "resolved": "https://registry.npmjs.org/typed.js/-/typed.js-2.0.12.tgz",
      "integrity": "sha512-lyACZh1cu+vpfYY3DG/bvsGLXXbdoDDpWxmqta10IQUdMXisMXOEyl+jos+YT9uBbzK4QaKYBjT3R0kTJO0Slw=="
    }
  }
}
